
Microsoft Visual Studio Solution File, Format Version 12.00
# Visual Studio 15
VisualStudioVersion = 15.0.28307.1738
MinimumVisualStudioVersion = 10.0.40219.1
Project("{F184B08F-C81C-45F6-A57F-5ABD9991F28F}") = "EugeneClient3", "EugeneClient3\EugeneClient3.vbproj", "{74004277-9EBE-42A8-8CC4-59A7762CB29C}"
EndProject
Global
	GlobalSection(SolutionConfigurationPlatforms) = preSolution
		Debug|Any CPU = Debug|Any CPU
		Release|Any CPU = Release|Any CPU
	EndGlobalSection
	GlobalSection(ProjectConfigurationPlatforms) = postSolution
		{74004277-9EBE-42A8-8CC4-59A7762CB29C}.Debug|Any CPU.ActiveCfg = Debug|Any CPU
		{74004277-9EBE-42A8-8CC4-59A7762CB29C}.Debug|Any CPU.Build.0 = Debug|Any CPU
		{74004277-9EBE-42A8-8CC4-59A7762CB29C}.Release|Any CPU.ActiveCfg = Release|Any CPU
		{74004277-9EBE-42A8-8CC4-59A7762CB29C}.Release|Any CPU.Build.0 = Release|Any CPU
	EndGlobalSection
	GlobalSection(SolutionProperties) = preSolution
		HideSolutionNode = FALSE
	EndGlobalSection
	GlobalSection(ExtensibilityGlobals) = postSolution
		SolutionGuid = {346B6061-A44F-409C-8970-E894AF55E91C}
	EndGlobalSection
EndGlobal
